// !$*UTF8*$!
{
	archiveVersion = 1;
	classes = {
	};
	objectVersion = 50;
	objects = {

/* Begin PBXBuildFile section */
		34B2D423272349C000254DA4 /* AppDelegate.swift in Sources */ = {isa = PBXBuildFile; fileRef = 34B2D422272349C000254DA4 /* AppDelegate.swift */; };
		34B2D425272349C000254DA4 /* SceneDelegate.swift in Sources */ = {isa = PBXBuildFile; fileRef = 34B2D424272349C000254DA4 /* SceneDelegate.swift */; };
		34B2D427272349C000254DA4 /* ViewController.swift in Sources */ = {isa = PBXBuildFile; fileRef = 34B2D426272349C000254DA4 /* ViewController.swift */; };
		34B2D42A272349C000254DA4 /* Main.storyboard in Resources */ = {isa = PBXBuildFile; fileRef = 34B2D428272349C000254DA4 /* Main.storyboard */; };
		34B2D42C272349C200254DA4 /* Assets.xcassets in Resources */ = {isa = PBXBuildFile; fileRef = 34B2D42B272349C200254DA4 /* Assets.xcassets */; };
		34B2D42F272349C200254DA4 /* LaunchScreen.storyboard in Resources */ = {isa = PBXBuildFile; fileRef = 34B2D42D272349C200254DA4 /* LaunchScreen.storyboard */; };
		34B2D43A272349C200254DA4 /* TableSectionHeaderKIFTests.swift in Sources */ = {isa = PBXBuildFile; fileRef = 34B2D439272349C200254DA4 /* TableSectionHeaderKIFTests.swift */; };
		34B2D445272349C200254DA4 /* TableSectionHeaderKIFUITests.swift in Sources */ = {isa = PBXBuildFile; fileRef = 34B2D444272349C200254DA4 /* TableSectionHeaderKIFUITests.swift */; };
		48B16482DDBACF653BC87DA5 /* Pods_TableSectionHeaderKIF_TableSectionHeaderKIFUITests.framework in Frameworks */ = {isa = PBXBuildFile; fileRef = B358C80AEA03F51A5059A100 /* Pods_TableSectionHeaderKIF_TableSectionHeaderKIFUITests.framework */; };
		D54505B73E8AE0B1BE163F8E /* Pods_TableSectionHeaderKIFTests.framework in Frameworks */ = {isa = PBXBuildFile; fileRef = C0BB1599511638DB5D005B1A /* Pods_TableSectionHeaderKIFTests.framework */; };
		EE7FE9E0101FF76CFB52878F /* Pods_TableSectionHeaderKIF.framework in Frameworks */ = {isa = PBXBuildFile; fileRef = 5C2ED305F7A201D33B58C5B1 /* Pods_TableSectionHeaderKIF.framework */; };
/* End PBXBuildFile section */

/* Begin PBXContainerItemProxy section */
		34B2D436272349C200254DA4 /* PBXContainerItemProxy */ = {
			isa = PBXContainerItemProxy;
			containerPortal = 34B2D417272349C000254DA4 /* Project object */;
			proxyType = 1;
			remoteGlobalIDString = 34B2D41E272349C000254DA4;
			remoteInfo = TableSectionHeaderKIF;
		};
		34B2D441272349C200254DA4 /* PBXContainerItemProxy */ = {
			isa = PBXContainerItemProxy;
			containerPortal = 34B2D417272349C000254DA4 /* Project object */;
			proxyType = 1;
			remoteGlobalIDString = 34B2D41E272349C000254DA4;
			remoteInfo = TableSectionHeaderKIF;
		};
/* End PBXContainerItemProxy section */

/* Begin PBXFileReference section */
		0721BDC846B67EE82476B095 /* Pods-TableSectionHeaderKIFTests.debug.xcconfig */ = {isa = PBXFileReference; includeInIndex = 1; lastKnownFileType = text.xcconfig; name = "Pods-TableSectionHeaderKIFTests.debug.xcconfig"; path = "Target Support Files/Pods-TableSectionHeaderKIFTests/Pods-TableSectionHeaderKIFTests.debug.xcconfig"; sourceTree = "<group>"; };
		298C29B3ADD0A0D8BF40AC3D /* Pods-TableSectionHeaderKIF.release.xcconfig */ = {isa = PBXFileReference; includeInIndex = 1; lastKnownFileType = text.xcconfig; name = "Pods-TableSectionHeaderKIF.release.xcconfig"; path = "Target Support Files/Pods-TableSectionHeaderKIF/Pods-TableSectionHeaderKIF.release.xcconfig"; sourceTree = "<group>"; };
		34B2D41F272349C000254DA4 /* TableSectionHeaderKIF.app */ = {isa = PBXFileReference; explicitFileType = wrapper.application; includeInIndex = 0; path = TableSectionHeaderKIF.app; sourceTree = BUILT_PRODUCTS_DIR; };
		34B2D422272349C000254DA4 /* AppDelegate.swift */ = {isa = PBXFileReference; lastKnownFileType = sourcecode.swift; path = AppDelegate.swift; sourceTree = "<group>"; };
		34B2D424272349C000254DA4 /* SceneDelegate.swift */ = {isa = PBXFileReference; lastKnownFileType = sourcecode.swift; path = SceneDelegate.swift; sourceTree = "<group>"; };
		34B2D426272349C000254DA4 /* ViewController.swift */ = {isa = PBXFileReference; lastKnownFileType = sourcecode.swift; path = ViewController.swift; sourceTree = "<group>"; };
		34B2D429272349C000254DA4 /* Base */ = {isa = PBXFileReference; lastKnownFileType = file.storyboard; name = Base; path = Base.lproj/Main.storyboard; sourceTree = "<group>"; };
		34B2D42B272349C200254DA4 /* Assets.xcassets */ = {isa = PBXFileReference; lastKnownFileType = folder.assetcatalog; path = Assets.xcassets; sourceTree = "<group>"; };
		34B2D42E272349C200254DA4 /* Base */ = {isa = PBXFileReference; lastKnownFileType = file.storyboard; name = Base; path = Base.lproj/LaunchScreen.storyboard; sourceTree = "<group>"; };
		34B2D430272349C200254DA4 /* Info.plist */ = {isa = PBXFileReference; lastKnownFileType = text.plist.xml; path = Info.plist; sourceTree = "<group>"; };
		34B2D435272349C200254DA4 /* TableSectionHeaderKIFTests.xctest */ = {isa = PBXFileReference; explicitFileType = wrapper.cfbundle; includeInIndex = 0; path = TableSectionHeaderKIFTests.xctest; sourceTree = BUILT_PRODUCTS_DIR; };
		34B2D439272349C200254DA4 /* TableSectionHeaderKIFTests.swift */ = {isa = PBXFileReference; lastKnownFileType = sourcecode.swift; path = TableSectionHeaderKIFTests.swift; sourceTree = "<group>"; };
		34B2D43B272349C200254DA4 /* Info.plist */ = {isa = PBXFileReference; lastKnownFileType = text.plist.xml; path = Info.plist; sourceTree = "<group>"; };
		34B2D440272349C200254DA4 /* TableSectionHeaderKIFUITests.xctest */ = {isa = PBXFileReference; explicitFileType = wrapper.cfbundle; includeInIndex = 0; path = TableSectionHeaderKIFUITests.xctest; sourceTree = BUILT_PRODUCTS_DIR; };
		34B2D444272349C200254DA4 /* TableSectionHeaderKIFUITests.swift */ = {isa = PBXFileReference; lastKnownFileType = sourcecode.swift; path = TableSectionHeaderKIFUITests.swift; sourceTree = "<group>"; };
		34B2D446272349C200254DA4 /* Info.plist */ = {isa = PBXFileReference; lastKnownFileType = text.plist.xml; path = Info.plist; sourceTree = "<group>"; };
		5C2ED305F7A201D33B58C5B1 /* Pods_TableSectionHeaderKIF.framework */ = {isa = PBXFileReference; explicitFileType = wrapper.framework; includeInIndex = 0; path = Pods_TableSectionHeaderKIF.framework; sourceTree = BUILT_PRODUCTS_DIR; };
		83B2627D512389327F197ED7 /* Pods-TableSectionHeaderKIF-TableSectionHeaderKIFUITests.release.xcconfig */ = {isa = PBXFileReference; includeInIndex = 1; lastKnownFileType = text.xcconfig; name = "Pods-TableSectionHeaderKIF-TableSectionHeaderKIFUITests.release.xcconfig"; path = "Target Support Files/Pods-TableSectionHeaderKIF-TableSectionHeaderKIFUITests/Pods-TableSectionHeaderKIF-TableSectionHeaderKIFUITests.release.xcconfig"; sourceTree = "<group>"; };
		8EBB762F2FEE9C07F1DEB611 /* Pods-TableSectionHeaderKIF-TableSectionHeaderKIFUITests.debug.xcconfig */ = {isa = PBXFileReference; includeInIndex = 1; lastKnownFileType = text.xcconfig; name = "Pods-TableSectionHeaderKIF-TableSectionHeaderKIFUITests.debug.xcconfig"; path = "Target Support Files/Pods-TableSectionHeaderKIF-TableSectionHeaderKIFUITests/Pods-TableSectionHeaderKIF-TableSectionHeaderKIFUITests.debug.xcconfig"; sourceTree = "<group>"; };
		A3A025C8C5F0849E15089A05 /* Pods-TableSectionHeaderKIF.debug.xcconfig */ = {isa = PBXFileReference; includeInIndex = 1; lastKnownFileType = text.xcconfig; name = "Pods-TableSectionHeaderKIF.debug.xcconfig"; path = "Target Support Files/Pods-TableSectionHeaderKIF/Pods-TableSectionHeaderKIF.debug.xcconfig"; sourceTree = "<group>"; };
		AE384B82B9BE1981DB26164D /* Pods-TableSectionHeaderKIFTests.release.xcconfig */ = {isa = PBXFileReference; includeInIndex = 1; lastKnownFileType = text.xcconfig; name = "Pods-TableSectionHeaderKIFTests.release.xcconfig"; path = "Target Support Files/Pods-TableSectionHeaderKIFTests/Pods-TableSectionHeaderKIFTests.release.xcconfig"; sourceTree = "<group>"; };
		B358C80AEA03F51A5059A100 /* Pods_TableSectionHeaderKIF_TableSectionHeaderKIFUITests.framework */ = {isa = PBXFileReference; explicitFileType = wrapper.framework; includeInIndex = 0; path = Pods_TableSectionHeaderKIF_TableSectionHeaderKIFUITests.framework; sourceTree = BUILT_PRODUCTS_DIR; };
		C0BB1599511638DB5D005B1A /* Pods_TableSectionHeaderKIFTests.framework */ = {isa = PBXFileReference; explicitFileType = wrapper.framework; includeInIndex = 0; path = Pods_TableSectionHeaderKIFTests.framework; sourceTree = BUILT_PRODUCTS_DIR; };
/* End PBXFileReference section */

/* Begin PBXFrameworksBuildPhase section */
		34B2D41C272349C000254DA4 /* Frameworks */ = {
			isa = PBXFrameworksBuildPhase;
			buildActionMask = 2147483647;
			files = (
				EE7FE9E0101FF76CFB52878F /* Pods_TableSectionHeaderKIF.framework in Frameworks */,
			);
			runOnlyForDeploymentPostprocessing = 0;
		};
		34B2D432272349C200254DA4 /* Frameworks */ = {
			isa = PBXFrameworksBuildPhase;
			buildActionMask = 2147483647;
			files = (
				D54505B73E8AE0B1BE163F8E /* Pods_TableSectionHeaderKIFTests.framework in Frameworks */,
			);
			runOnlyForDeploymentPostprocessing = 0;
		};
		34B2D43D272349C200254DA4 /* Frameworks */ = {
			isa = PBXFrameworksBuildPhase;
			buildActionMask = 2147483647;
			files = (
				48B16482DDBACF653BC87DA5 /* Pods_TableSectionHeaderKIF_TableSectionHeaderKIFUITests.framework in Frameworks */,
			);
			runOnlyForDeploymentPostprocessing = 0;
		};
/* End PBXFrameworksBuildPhase section */

/* Begin PBXGroup section */
		34B2D416272349C000254DA4 = {
			isa = PBXGroup;
			children = (
				34B2D421272349C000254DA4 /* TableSectionHeaderKIF */,
				34B2D438272349C200254DA4 /* TableSectionHeaderKIFTests */,
				34B2D443272349C200254DA4 /* TableSectionHeaderKIFUITests */,
				34B2D420272349C000254DA4 /* Products */,
				C4FDBB4123C9E47812FB493F /* Pods */,
				EB01445A01989F51FBD3880E /* Frameworks */,
			);
			sourceTree = "<group>";
		};
		34B2D420272349C000254DA4 /* Products */ = {
			isa = PBXGroup;
			children = (
				34B2D41F272349C000254DA4 /* TableSectionHeaderKIF.app */,
				34B2D435272349C200254DA4 /* TableSectionHeaderKIFTests.xctest */,
				34B2D440272349C200254DA4 /* TableSectionHeaderKIFUITests.xctest */,
			);
			name = Products;
			sourceTree = "<group>";
		};
		34B2D421272349C000254DA4 /* TableSectionHeaderKIF */ = {
			isa = PBXGroup;
			children = (
				34B2D422272349C000254DA4 /* AppDelegate.swift */,
				34B2D424272349C000254DA4 /* SceneDelegate.swift */,
				34B2D426272349C000254DA4 /* ViewController.swift */,
				34B2D428272349C000254DA4 /* Main.storyboard */,
				34B2D42B272349C200254DA4 /* Assets.xcassets */,
				34B2D42D272349C200254DA4 /* LaunchScreen.storyboard */,
				34B2D430272349C200254DA4 /* Info.plist */,
			);
			path = TableSectionHeaderKIF;
			sourceTree = "<group>";
		};
		34B2D438272349C200254DA4 /* TableSectionHeaderKIFTests */ = {
			isa = PBXGroup;
			children = (
				34B2D439272349C200254DA4 /* TableSectionHeaderKIFTests.swift */,
				34B2D43B272349C200254DA4 /* Info.plist */,
			);
			path = TableSectionHeaderKIFTests;
			sourceTree = "<group>";
		};
		34B2D443272349C200254DA4 /* TableSectionHeaderKIFUITests */ = {
			isa = PBXGroup;
			children = (
				34B2D444272349C200254DA4 /* TableSectionHeaderKIFUITests.swift */,
				34B2D446272349C200254DA4 /* Info.plist */,
			);
			path = TableSectionHeaderKIFUITests;
			sourceTree = "<group>";
		};
		C4FDBB4123C9E47812FB493F /* Pods */ = {
			isa = PBXGroup;
			children = (
				A3A025C8C5F0849E15089A05 /* Pods-TableSectionHeaderKIF.debug.xcconfig */,
				298C29B3ADD0A0D8BF40AC3D /* Pods-TableSectionHeaderKIF.release.xcconfig */,
				8EBB762F2FEE9C07F1DEB611 /* Pods-TableSectionHeaderKIF-TableSectionHeaderKIFUITests.debug.xcconfig */,
				83B2627D512389327F197ED7 /* Pods-TableSectionHeaderKIF-TableSectionHeaderKIFUITests.release.xcconfig */,
				0721BDC846B67EE82476B095 /* Pods-TableSectionHeaderKIFTests.debug.xcconfig */,
				AE384B82B9BE1981DB26164D /* Pods-TableSectionHeaderKIFTests.release.xcconfig */,
			);
			name = Pods;
			path = Pods;
			sourceTree = "<group>";
		};
		EB01445A01989F51FBD3880E /* Frameworks */ = {
			isa = PBXGroup;
			children = (
				5C2ED305F7A201D33B58C5B1 /* Pods_TableSectionHeaderKIF.framework */,
				B358C80AEA03F51A5059A100 /* Pods_TableSectionHeaderKIF_TableSectionHeaderKIFUITests.framework */,
				C0BB1599511638DB5D005B1A /* Pods_TableSectionHeaderKIFTests.framework */,
			);
			name = Frameworks;
			sourceTree = "<group>";
		};
/* End PBXGroup section */

/* Begin PBXNativeTarget section */
		34B2D41E272349C000254DA4 /* TableSectionHeaderKIF */ = {
			isa = PBXNativeTarget;
			buildConfigurationList = 34B2D449272349C200254DA4 /* Build configuration list for PBXNativeTarget "TableSectionHeaderKIF" */;
			buildPhases = (
				3B811307C6A36BF003C890C7 /* [CP] Check Pods Manifest.lock */,
				34B2D41B272349C000254DA4 /* Sources */,
				34B2D41C272349C000254DA4 /* Frameworks */,
				34B2D41D272349C000254DA4 /* Resources */,
			);
			buildRules = (
			);
			dependencies = (
			);
			name = TableSectionHeaderKIF;
			productName = TableSectionHeaderKIF;
			productReference = 34B2D41F272349C000254DA4 /* TableSectionHeaderKIF.app */;
			productType = "com.apple.product-type.application";
		};
		34B2D434272349C200254DA4 /* TableSectionHeaderKIFTests */ = {
			isa = PBXNativeTarget;
			buildConfigurationList = 34B2D44C272349C200254DA4 /* Build configuration list for PBXNativeTarget "TableSectionHeaderKIFTests" */;
			buildPhases = (
				A8CB6BAAA7A0945180225B48 /* [CP] Check Pods Manifest.lock */,
				34B2D431272349C200254DA4 /* Sources */,
				34B2D432272349C200254DA4 /* Frameworks */,
				34B2D433272349C200254DA4 /* Resources */,
				F1463FE62EF3233B4EDC9FBC /* [CP] Embed Pods Frameworks */,
			);
			buildRules = (
			);
			dependencies = (
				34B2D437272349C200254DA4 /* PBXTargetDependency */,
			);
			name = TableSectionHeaderKIFTests;
			productName = TableSectionHeaderKIFTests;
			productReference = 34B2D435272349C200254DA4 /* TableSectionHeaderKIFTests.xctest */;
			productType = "com.apple.product-type.bundle.unit-test";
		};
		34B2D43F272349C200254DA4 /* TableSectionHeaderKIFUITests */ = {
			isa = PBXNativeTarget;
			buildConfigurationList = 34B2D44F272349C200254DA4 /* Build configuration list for PBXNativeTarget "TableSectionHeaderKIFUITests" */;
			buildPhases = (
				DC6235431295807E89C83993 /* [CP] Check Pods Manifest.lock */,
				34B2D43C272349C200254DA4 /* Sources */,
				34B2D43D272349C200254DA4 /* Frameworks */,
				34B2D43E272349C200254DA4 /* Resources */,
				81755EF68AB4B4E731E5C027 /* [CP] Embed Pods Frameworks */,
			);
			buildRules = (
			);
			dependencies = (
				34B2D442272349C200254DA4 /* PBXTargetDependency */,
			);
			name = TableSectionHeaderKIFUITests;
			productName = TableSectionHeaderKIFUITests;
			productReference = 34B2D440272349C200254DA4 /* TableSectionHeaderKIFUITests.xctest */;
			productType = "com.apple.product-type.bundle.ui-testing";
		};
/* End PBXNativeTarget section */

/* Begin PBXProject section */
		34B2D417272349C000254DA4 /* Project object */ = {
			isa = PBXProject;
			attributes = {
				LastSwiftUpdateCheck = 1250;
				LastUpgradeCheck = 1250;
				TargetAttributes = {
					34B2D41E272349C000254DA4 = {
						CreatedOnToolsVersion = 12.5.1;
					};
					34B2D434272349C200254DA4 = {
						CreatedOnToolsVersion = 12.5.1;
						TestTargetID = 34B2D41E272349C000254DA4;
					};
					34B2D43F272349C200254DA4 = {
						CreatedOnToolsVersion = 12.5.1;
						TestTargetID = 34B2D41E272349C000254DA4;
					};
				};
			};
			buildConfigurationList = 34B2D41A272349C000254DA4 /* Build configuration list for PBXProject "TableSectionHeaderKIF" */;
			compatibilityVersion = "Xcode 9.3";
			developmentRegion = en;
			hasScannedForEncodings = 0;
			knownRegions = (
				en,
				Base,
			);
			mainGroup = 34B2D416272349C000254DA4;
			productRefGroup = 34B2D420272349C000254DA4 /* Products */;
			projectDirPath = "";
			projectRoot = "";
			targets = (
				34B2D41E272349C000254DA4 /* TableSectionHeaderKIF */,
				34B2D434272349C200254DA4 /* TableSectionHeaderKIFTests */,
				34B2D43F272349C200254DA4 /* TableSectionHeaderKIFUITests */,
			);
		};
/* End PBXProject section */

/* Begin PBXResourcesBuildPhase section */
		34B2D41D272349C000254DA4 /* Resources */ = {
			isa = PBXResourcesBuildPhase;
			buildActionMask = 2147483647;
			files = (
				34B2D42F272349C200254DA4 /* LaunchScreen.storyboard in Resources */,
				34B2D42C272349C200254DA4 /* Assets.xcassets in Resources */,
				34B2D42A272349C000254DA4 /* Main.storyboard in Resources */,
			);
			runOnlyForDeploymentPostprocessing = 0;
		};
		34B2D433272349C200254DA4 /* Resources */ = {
			isa = PBXResourcesBuildPhase;
			buildActionMask = 2147483647;
			files = (
			);
			runOnlyForDeploymentPostprocessing = 0;
		};
		34B2D43E272349C200254DA4 /* Resources */ = {
			isa = PBXResourcesBuildPhase;
			buildActionMask = 2147483647;
			files = (
			);
			runOnlyForDeploymentPostprocessing = 0;
		};
/* End PBXResourcesBuildPhase section */

/* Begin PBXShellScriptBuildPhase section */
		3B811307C6A36BF003C890C7 /* [CP] Check Pods Manifest.lock */ = {
			isa = PBXShellScriptBuildPhase;
			buildActionMask = 2147483647;
			files = (
			);
			inputFileListPaths = (
			);
			inputPaths = (
				"${PODS_PODFILE_DIR_PATH}/Podfile.lock",
				"${PODS_ROOT}/Manifest.lock",
			);
			name = "[CP] Check Pods Manifest.lock";
			outputFileListPaths = (
			);
			outputPaths = (
				"$(DERIVED_FILE_DIR)/Pods-TableSectionHeaderKIF-checkManifestLockResult.txt",
			);
			runOnlyForDeploymentPostprocessing = 0;
			shellPath = /bin/sh;
			shellScript = "diff \"${PODS_PODFILE_DIR_PATH}/Podfile.lock\" \"${PODS_ROOT}/Manifest.lock\" > /dev/null\nif [ $? != 0 ] ; then\n    # print error to STDERR\n    echo \"error: The sandbox is not in sync with the Podfile.lock. Run 'pod install' or update your CocoaPods installation.\" >&2\n    exit 1\nfi\n# This output is used by Xcode 'outputs' to avoid re-running this script phase.\necho \"SUCCESS\" > \"${SCRIPT_OUTPUT_FILE_0}\"\n";
			showEnvVarsInLog = 0;
		};
		81755EF68AB4B4E731E5C027 /* [CP] Embed Pods Frameworks */ = {
			isa = PBXShellScriptBuildPhase;
			buildActionMask = 2147483647;
			files = (
			);
			inputFileListPaths = (
				"${PODS_ROOT}/Target Support Files/Pods-TableSectionHeaderKIF-TableSectionHeaderKIFUITests/Pods-TableSectionHeaderKIF-TableSectionHeaderKIFUITests-frameworks-${CONFIGURATION}-input-files.xcfilelist",
			);
			name = "[CP] Embed Pods Frameworks";
			outputFileListPaths = (
				"${PODS_ROOT}/Target Support Files/Pods-TableSectionHeaderKIF-TableSectionHeaderKIFUITests/Pods-TableSectionHeaderKIF-TableSectionHeaderKIFUITests-frameworks-${CONFIGURATION}-output-files.xcfilelist",
			);
			runOnlyForDeploymentPostprocessing = 0;
			shellPath = /bin/sh;
			shellScript = "\"${PODS_ROOT}/Target Support Files/Pods-TableSectionHeaderKIF-TableSectionHeaderKIFUITests/Pods-TableSectionHeaderKIF-TableSectionHeaderKIFUITests-frameworks.sh\"\n";
			showEnvVarsInLog = 0;
		};
		A8CB6BAAA7A0945180225B48 /* [CP] Check Pods Manifest.lock */ = {
			isa = PBXShellScriptBuildPhase;
			buildActionMask = 2147483647;
			files = (
			);
			inputFileListPaths = (
			);
			inputPaths = (
				"${PODS_PODFILE_DIR_PATH}/Podfile.lock",
				"${PODS_ROOT}/Manifest.lock",
			);
			name = "[CP] Check Pods Manifest.lock";
			outputFileListPaths = (
			);
			outputPaths = (
				"$(DERIVED_FILE_DIR)/Pods-TableSectionHeaderKIFTests-checkManifestLockResult.txt",
			);
			runOnlyForDeploymentPostprocessing = 0;
			shellPath = /bin/sh;
			shellScript = "diff \"${PODS_PODFILE_DIR_PATH}/Podfile.lock\" \"${PODS_ROOT}/Manifest.lock\" > /dev/null\nif [ $? != 0 ] ; then\n    # print error to STDERR\n    echo \"error: The sandbox is not in sync with the Podfile.lock. Run 'pod install' or update your CocoaPods installation.\" >&2\n    exit 1\nfi\n# This output is used by Xcode 'outputs' to avoid re-running this script phase.\necho \"SUCCESS\" > \"${SCRIPT_OUTPUT_FILE_0}\"\n";
			showEnvVarsInLog = 0;
		};
		DC6235431295807E89C83993 /* [CP] Check Pods Manifest.lock */ = {
			isa = PBXShellScriptBuildPhase;
			buildActionMask = 2147483647;
			files = (
			);
			inputFileListPaths = (
			);
			inputPaths = (
				"${PODS_PODFILE_DIR_PATH}/Podfile.lock",
				"${PODS_ROOT}/Manifest.lock",
			);
			name = "[CP] Check Pods Manifest.lock";
			outputFileListPaths = (
			);
			outputPaths = (
				"$(DERIVED_FILE_DIR)/Pods-TableSectionHeaderKIF-TableSectionHeaderKIFUITests-checkManifestLockResult.txt",
			);
			runOnlyForDeploymentPostprocessing = 0;
			shellPath = /bin/sh;
			shellScript = "diff \"${PODS_PODFILE_DIR_PATH}/Podfile.lock\" \"${PODS_ROOT}/Manifest.lock\" > /dev/null\nif [ $? != 0 ] ; then\n    # print error to STDERR\n    echo \"error: The sandbox is not in sync with the Podfile.lock. Run 'pod install' or update your CocoaPods installation.\" >&2\n    exit 1\nfi\n# This output is used by Xcode 'outputs' to avoid re-running this script phase.\necho \"SUCCESS\" > \"${SCRIPT_OUTPUT_FILE_0}\"\n";
			showEnvVarsInLog = 0;
		};
		F1463FE62EF3233B4EDC9FBC /* [CP] Embed Pods Frameworks */ = {
			isa = PBXShellScriptBuildPhase;
			buildActionMask = 2147483647;
			files = (
			);
			inputFileListPaths = (
				"${PODS_ROOT}/Target Support Files/Pods-TableSectionHeaderKIFTests/Pods-TableSectionHeaderKIFTests-frameworks-${CONFIGURATION}-input-files.xcfilelist",
			);
			name = "[CP] Embed Pods Frameworks";
			outputFileListPaths = (
				"${PODS_ROOT}/Target Support Files/Pods-TableSectionHeaderKIFTests/Pods-TableSectionHeaderKIFTests-frameworks-${CONFIGURATION}-output-files.xcfilelist",
			);
			runOnlyForDeploymentPostprocessing = 0;
			shellPath = /bin/sh;
			shellScript = "\"${PODS_ROOT}/Target Support Files/Pods-TableSectionHeaderKIFTests/Pods-TableSectionHeaderKIFTests-frameworks.sh\"\n";
			showEnvVarsInLog = 0;
		};
/* End PBXShellScriptBuildPhase section */

/* Begin PBXSourcesBuildPhase section */
		34B2D41B272349C000254DA4 /* Sources */ = {
			isa = PBXSourcesBuildPhase;
			buildActionMask = 2147483647;
			files = (
				34B2D427272349C000254DA4 /* ViewController.swift in Sources */,
				34B2D423272349C000254DA4 /* AppDelegate.swift in Sources */,
				34B2D425272349C000254DA4 /* SceneDelegate.swift in Sources */,
			);
			runOnlyForDeploymentPostprocessing = 0;
		};
		34B2D431272349C200254DA4 /* Sources */ = {
			isa = PBXSourcesBuildPhase;
			buildActionMask = 2147483647;
			files = (
				34B2D43A272349C200254DA4 /* TableSectionHeaderKIFTests.swift in Sources */,
			);
			runOnlyForDeploymentPostprocessing = 0;
		};
		34B2D43C272349C200254DA4 /* Sources */ = {
			isa = PBXSourcesBuildPhase;
			buildActionMask = 2147483647;
			files = (
				34B2D445272349C200254DA4 /* TableSectionHeaderKIFUITests.swift in Sources */,
			);
			runOnlyForDeploymentPostprocessing = 0;
		};
/* End PBXSourcesBuildPhase section */

/* Begin PBXTargetDependency section */
		34B2D437272349C200254DA4 /* PBXTargetDependency */ = {
			isa = PBXTargetDependency;
			target = 34B2D41E272349C000254DA4 /* TableSectionHeaderKIF */;
			targetProxy = 34B2D436272349C200254DA4 /* PBXContainerItemProxy */;
		};
		34B2D442272349C200254DA4 /* PBXTargetDependency */ = {
			isa = PBXTargetDependency;
			target = 34B2D41E272349C000254DA4 /* TableSectionHeaderKIF */;
			targetProxy = 34B2D441272349C200254DA4 /* PBXContainerItemProxy */;
		};
/* End PBXTargetDependency section */

/* Begin PBXVariantGroup section */
		34B2D428272349C000254DA4 /* Main.storyboard */ = {
			isa = PBXVariantGroup;
			children = (
				34B2D429272349C000254DA4 /* Base */,
			);
			name = Main.storyboard;
			sourceTree = "<group>";
		};
		34B2D42D272349C200254DA4 /* LaunchScreen.storyboard */ = {
			isa = PBXVariantGroup;
			children = (
				34B2D42E272349C200254DA4 /* Base */,
			);
			name = LaunchScreen.storyboard;
			sourceTree = "<group>";
		};
/* End PBXVariantGroup section */

/* Begin XCBuildConfiguration section */
		34B2D447272349C200254DA4 /* Debug */ = {
			isa = XCBuildConfiguration;
			buildSettings = {
				ALWAYS_SEARCH_USER_PATHS = NO;
				CLANG_ANALYZER_NONNULL = YES;
				CLANG_ANALYZER_NUMBER_OBJECT_CONVERSION = YES_AGGRESSIVE;
				CLANG_CXX_LANGUAGE_STANDARD = "gnu++14";
				CLANG_CXX_LIBRARY = "libc++";
				CLANG_ENABLE_MODULES = YES;
				CLANG_ENABLE_OBJC_ARC = YES;
				CLANG_ENABLE_OBJC_WEAK = YES;
				CLANG_WARN_BLOCK_CAPTURE_AUTORELEASING = YES;
				CLANG_WARN_BOOL_CONVERSION = YES;
				CLANG_WARN_COMMA = YES;
				CLANG_WARN_CONSTANT_CONVERSION = YES;
				CLANG_WARN_DEPRECATED_OBJC_IMPLEMENTATIONS = YES;
				CLANG_WARN_DIRECT_OBJC_ISA_USAGE = YES_ERROR;
				CLANG_WARN_DOCUMENTATION_COMMENTS = YES;
				CLANG_WARN_EMPTY_BODY = YES;
				CLANG_WARN_ENUM_CONVERSION = YES;
				CLANG_WARN_INFINITE_RECURSION = YES;
				CLANG_WARN_INT_CONVERSION = YES;
				CLANG_WARN_NON_LITERAL_NULL_CONVERSION = YES;
				CLANG_WARN_OBJC_IMPLICIT_RETAIN_SELF = YES;
				CLANG_WARN_OBJC_LITERAL_CONVERSION = YES;
				CLANG_WARN_OBJC_ROOT_CLASS = YES_ERROR;
				CLANG_WARN_QUOTED_INCLUDE_IN_FRAMEWORK_HEADER = YES;
				CLANG_WARN_RANGE_LOOP_ANALYSIS = YES;
				CLANG_WARN_STRICT_PROTOTYPES = YES;
				CLANG_WARN_SUSPICIOUS_MOVE = YES;
				CLANG_WARN_UNGUARDED_AVAILABILITY = YES_AGGRESSIVE;
				CLANG_WARN_UNREACHABLE_CODE = YES;
				CLANG_WARN__DUPLICATE_METHOD_MATCH = YES;
				COPY_PHASE_STRIP = NO;
				DEBUG_INFORMATION_FORMAT = dwarf;
				ENABLE_STRICT_OBJC_MSGSEND = YES;
				ENABLE_TESTABILITY = YES;
				GCC_C_LANGUAGE_STANDARD = gnu11;
				GCC_DYNAMIC_NO_PIC = NO;
				GCC_NO_COMMON_BLOCKS = YES;
				GCC_OPTIMIZATION_LEVEL = 0;
				GCC_PREPROCESSOR_DEFINITIONS = (
					"DEBUG=1",
					"$(inherited)",
				);
				GCC_WARN_64_TO_32_BIT_CONVERSION = YES;
				GCC_WARN_ABOUT_RETURN_TYPE = YES_ERROR;
				GCC_WARN_UNDECLARED_SELECTOR = YES;
				GCC_WARN_UNINITIALIZED_AUTOS = YES_AGGRESSIVE;
				GCC_WARN_UNUSED_FUNCTION = YES;
				GCC_WARN_UNUSED_VARIABLE = YES;
				IPHONEOS_DEPLOYMENT_TARGET = 14.5;
				MTL_ENABLE_DEBUG_INFO = INCLUDE_SOURCE;
				MTL_FAST_MATH = YES;
				ONLY_ACTIVE_ARCH = YES;
				SDKROOT = iphoneos;
				SWIFT_ACTIVE_COMPILATION_CONDITIONS = DEBUG;
				SWIFT_OPTIMIZATION_LEVEL = "-Onone";
			};
			name = Debug;
		};
		34B2D448272349C200254DA4 /* Release */ = {
			isa = XCBuildConfiguration;
			buildSettings = {
				ALWAYS_SEARCH_USER_PATHS = NO;
				CLANG_ANALYZER_NONNULL = YES;
				CLANG_ANALYZER_NUMBER_OBJECT_CONVERSION = YES_AGGRESSIVE;
				CLANG_CXX_LANGUAGE_STANDARD = "gnu++14";
				CLANG_CXX_LIBRARY = "libc++";
				CLANG_ENABLE_MODULES = YES;
				CLANG_ENABLE_OBJC_ARC = YES;
				CLANG_ENABLE_OBJC_WEAK = YES;
				CLANG_WARN_BLOCK_CAPTURE_AUTORELEASING = YES;
				CLANG_WARN_BOOL_CONVERSION = YES;
				CLANG_WARN_COMMA = YES;
				CLANG_WARN_CONSTANT_CONVERSION = YES;
				CLANG_WARN_DEPRECATED_OBJC_IMPLEMENTATIONS = YES;
				CLANG_WARN_DIRECT_OBJC_ISA_USAGE = YES_ERROR;
				CLANG_WARN_DOCUMENTATION_COMMENTS = YES;
				CLANG_WARN_EMPTY_BODY = YES;
				CLANG_WARN_ENUM_CONVERSION = YES;
				CLANG_WARN_INFINITE_RECURSION = YES;
				CLANG_WARN_INT_CONVERSION = YES;
				CLANG_WARN_NON_LITERAL_NULL_CONVERSION = YES;
				CLANG_WARN_OBJC_IMPLICIT_RETAIN_SELF = YES;
				CLANG_WARN_OBJC_LITERAL_CONVERSION = YES;
				CLANG_WARN_OBJC_ROOT_CLASS = YES_ERROR;
				CLANG_WARN_QUOTED_INCLUDE_IN_FRAMEWORK_HEADER = YES;
				CLANG_WARN_RANGE_LOOP_ANALYSIS = YES;
				CLANG_WARN_STRICT_PROTOTYPES = YES;
				CLANG_WARN_SUSPICIOUS_MOVE = YES;
				CLANG_WARN_UNGUARDED_AVAILABILITY = YES_AGGRESSIVE;
				CLANG_WARN_UNREACHABLE_CODE = YES;
				CLANG_WARN__DUPLICATE_METHOD_MATCH = YES;
				COPY_PHASE_STRIP = NO;
				DEBUG_INFORMATION_FORMAT = "dwarf-with-dsym";
				ENABLE_NS_ASSERTIONS = NO;
				ENABLE_STRICT_OBJC_MSGSEND = YES;
				GCC_C_LANGUAGE_STANDARD = gnu11;
				GCC_NO_COMMON_BLOCKS = YES;
				GCC_WARN_64_TO_32_BIT_CONVERSION = YES;
				GCC_WARN_ABOUT_RETURN_TYPE = YES_ERROR;
				GCC_WARN_UNDECLARED_SELECTOR = YES;
				GCC_WARN_UNINITIALIZED_AUTOS = YES_AGGRESSIVE;
				GCC_WARN_UNUSED_FUNCTION = YES;
				GCC_WARN_UNUSED_VARIABLE = YES;
				IPHONEOS_DEPLOYMENT_TARGET = 14.5;
				MTL_ENABLE_DEBUG_INFO = NO;
				MTL_FAST_MATH = YES;
				SDKROOT = iphoneos;
				SWIFT_COMPILATION_MODE = wholemodule;
				SWIFT_OPTIMIZATION_LEVEL = "-O";
				VALIDATE_PRODUCT = YES;
			};
			name = Release;
		};
		34B2D44A272349C200254DA4 /* Debug */ = {
			isa = XCBuildConfiguration;
			baseConfigurationReference = A3A025C8C5F0849E15089A05 /* Pods-TableSectionHeaderKIF.debug.xcconfig */;
			buildSettings = {
				ASSETCATALOG_COMPILER_APPICON_NAME = AppIcon;
				ASSETCATALOG_COMPILER_GLOBAL_ACCENT_COLOR_NAME = AccentColor;
				CODE_SIGN_STYLE = Automatic;
				DEVELOPMENT_TEAM = 28Y85HY5AW;
				INFOPLIST_FILE = TableSectionHeaderKIF/Info.plist;
				LD_RUNPATH_SEARCH_PATHS = (
					"$(inherited)",
					"@executable_path/Frameworks",
				);
				PRODUCT_BUNDLE_IDENTIFIER = xyz.andywilliams.TableSectionHeaderKIF;
				PRODUCT_NAME = "$(TARGET_NAME)";
				SWIFT_VERSION = 5.0;
				TARGETED_DEVICE_FAMILY = "1,2";
			};
			name = Debug;
		};
		34B2D44B272349C200254DA4 /* Release */ = {
			isa = XCBuildConfiguration;
			baseConfigurationReference = 298C29B3ADD0A0D8BF40AC3D /* Pods-TableSectionHeaderKIF.release.xcconfig */;
			buildSettings = {
				ASSETCATALOG_COMPILER_APPICON_NAME = AppIcon;
				ASSETCATALOG_COMPILER_GLOBAL_ACCENT_COLOR_NAME = AccentColor;
				CODE_SIGN_STYLE = Automatic;
				DEVELOPMENT_TEAM = 28Y85HY5AW;
				INFOPLIST_FILE = TableSectionHeaderKIF/Info.plist;
				LD_RUNPATH_SEARCH_PATHS = (
					"$(inherited)",
					"@executable_path/Frameworks",
				);
				PRODUCT_BUNDLE_IDENTIFIER = xyz.andywilliams.TableSectionHeaderKIF;
				PRODUCT_NAME = "$(TARGET_NAME)";
				SWIFT_VERSION = 5.0;
				TARGETED_DEVICE_FAMILY = "1,2";
			};
			name = Release;
		};
		34B2D44D272349C200254DA4 /* Debug */ = {
			isa = XCBuildConfiguration;
			baseConfigurationReference = 0721BDC846B67EE82476B095 /* Pods-TableSectionHeaderKIFTests.debug.xcconfig */;
			buildSettings = {
				ALWAYS_EMBED_SWIFT_STANDARD_LIBRARIES = YES;
				BUNDLE_LOADER = "$(TEST_HOST)";
				CODE_SIGN_STYLE = Automatic;
				DEVELOPMENT_TEAM = 28Y85HY5AW;
				INFOPLIST_FILE = TableSectionHeaderKIFTests/Info.plist;
				IPHONEOS_DEPLOYMENT_TARGET = 14.5;
				LD_RUNPATH_SEARCH_PATHS = (
					"$(inherited)",
					"@executable_path/Frameworks",
					"@loader_path/Frameworks",
				);
				PRODUCT_BUNDLE_IDENTIFIER = xyz.andywilliams.TableSectionHeaderKIFTests;
				PRODUCT_NAME = "$(TARGET_NAME)";
				SWIFT_VERSION = 5.0;
				TARGETED_DEVICE_FAMILY = "1,2";
				TEST_HOST = "$(BUILT_PRODUCTS_DIR)/TableSectionHeaderKIF.app/TableSectionHeaderKIF";
			};
			name = Debug;
		};
		34B2D44E272349C200254DA4 /* Release */ = {
			isa = XCBuildConfiguration;
			baseConfigurationReference = AE384B82B9BE1981DB26164D /* Pods-TableSectionHeaderKIFTests.release.xcconfig */;
			buildSettings = {
				ALWAYS_EMBED_SWIFT_STANDARD_LIBRARIES = YES;
				BUNDLE_LOADER = "$(TEST_HOST)";
				CODE_SIGN_STYLE = Automatic;
				DEVELOPMENT_TEAM = 28Y85HY5AW;
				INFOPLIST_FILE = TableSectionHeaderKIFTests/Info.plist;
				IPHONEOS_DEPLOYMENT_TARGET = 14.5;
				LD_RUNPATH_SEARCH_PATHS = (
					"$(inherited)",
					"@executable_path/Frameworks",
					"@loader_path/Frameworks",
				);
				PRODUCT_BUNDLE_IDENTIFIER = xyz.andywilliams.TableSectionHeaderKIFTests;
				PRODUCT_NAME = "$(TARGET_NAME)";
				SWIFT_VERSION = 5.0;
				TARGETED_DEVICE_FAMILY = "1,2";
				TEST_HOST = "$(BUILT_PRODUCTS_DIR)/TableSectionHeaderKIF.app/TableSectionHeaderKIF";
			};
			name = Release;
		};
		34B2D450272349C200254DA4 /* Debug */ = {
			isa = XCBuildConfiguration;
			baseConfigurationReference = 8EBB762F2FEE9C07F1DEB611 /* Pods-TableSectionHeaderKIF-TableSectionHeaderKIFUITests.debug.xcconfig */;
			buildSettings = {
				ALWAYS_EMBED_SWIFT_STANDARD_LIBRARIES = YES;
				CODE_SIGN_STYLE = Automatic;
				DEVELOPMENT_TEAM = 28Y85HY5AW;
				INFOPLIST_FILE = TableSectionHeaderKIFUITests/Info.plist;
				LD_RUNPATH_SEARCH_PATHS = (
					"$(inherited)",
					"@executable_path/Frameworks",
					"@loader_path/Frameworks",
				);
				PRODUCT_BUNDLE_IDENTIFIER = xyz.andywilliams.TableSectionHeaderKIFUITests;
				PRODUCT_NAME = "$(TARGET_NAME)";
				SWIFT_VERSION = 5.0;
				TARGETED_DEVICE_FAMILY = "1,2";
				TEST_TARGET_NAME = TableSectionHeaderKIF;
			};
			name = Debug;
		};
		34B2D451272349C200254DA4 /* Release */ = {
			isa = XCBuildConfiguration;
			baseConfigurationReference = 83B2627D512389327F197ED7 /* Pods-TableSectionHeaderKIF-TableSectionHeaderKIFUITests.release.xcconfig */;
			buildSettings = {
				ALWAYS_EMBED_SWIFT_STANDARD_LIBRARIES = YES;
				CODE_SIGN_STYLE = Automatic;
				DEVELOPMENT_TEAM = 28Y85HY5AW;
				INFOPLIST_FILE = TableSectionHeaderKIFUITests/Info.plist;
				LD_RUNPATH_SEARCH_PATHS = (
					"$(inherited)",
					"@executable_path/Frameworks",
					"@loader_path/Frameworks",
				);
				PRODUCT_BUNDLE_IDENTIFIER = xyz.andywilliams.TableSectionHeaderKIFUITests;
				PRODUCT_NAME = "$(TARGET_NAME)";
				SWIFT_VERSION = 5.0;
				TARGETED_DEVICE_FAMILY = "1,2";
				TEST_TARGET_NAME = TableSectionHeaderKIF;
			};
			name = Release;
		};
/* End XCBuildConfiguration section */

/* Begin XCConfigurationList section */
		34B2D41A272349C000254DA4 /* Build configuration list for PBXProject "TableSectionHeaderKIF" */ = {
			isa = XCConfigurationList;
			buildConfigurations = (
				34B2D447272349C200254DA4 /* Debug */,
				34B2D448272349C200254DA4 /* Release */,
			);
			defaultConfigurationIsVisible = 0;
			defaultConfigurationName = Release;
		};
		34B2D449272349C200254DA4 /* Build configuration list for PBXNativeTarget "TableSectionHeaderKIF" */ = {
			isa = XCConfigurationList;
			buildConfigurations = (
				34B2D44A272349C200254DA4 /* Debug */,
				34B2D44B272349C200254DA4 /* Release */,
			);
			defaultConfigurationIsVisible = 0;
			defaultConfigurationName = Release;
		};
		34B2D44C272349C200254DA4 /* Build configuration list for PBXNativeTarget "TableSectionHeaderKIFTests" */ = {
			isa = XCConfigurationList;
			buildConfigurations = (
				34B2D44D272349C200254DA4 /* Debug */,
				34B2D44E272349C200254DA4 /* Release */,
			);
			defaultConfigurationIsVisible = 0;
			defaultConfigurationName = Release;
		};
		34B2D44F272349C200254DA4 /* Build configuration list for PBXNativeTarget "TableSectionHeaderKIFUITests" */ = {
			isa = XCConfigurationList;
			buildConfigurations = (
				34B2D450272349C200254DA4 /* Debug */,
				34B2D451272349C200254DA4 /* Release */,
			);
			defaultConfigurationIsVisible = 0;
			defaultConfigurationName = Release;
		};
/* End XCConfigurationList section */
	};
	rootObject = 34B2D417272349C000254DA4 /* Project object */;
}
